
Microsoft Visual Studio Solution File, Format Version 12.00
# Visual Studio Version 16
VisualStudioVersion = 16.0.31624.102
MinimumVisualStudioVersion = 10.0.40219.1
Project("{FAE04EC0-301F-11D3-BF4B-00C04F79EFBC}") = "Zad1", "Zad1\Zad1.csproj", "{7F79BCE2-2629-40D4-A22E-961E6FA18825}"
EndProject
Global
	GlobalSection(SolutionConfigurationPlatforms) = preSolution
		Debug|Any CPU = Debug|Any CPU
		Release|Any CPU = Release|Any CPU
	EndGlobalSection
	GlobalSection(ProjectConfigurationPlatforms) = postSolution
		{7F79BCE2-2629-40D4-A22E-961E6FA18825}.Debug|Any CPU.ActiveCfg = Debug|Any CPU
		{7F79BCE2-2629-40D4-A22E-961E6FA18825}.Debug|Any CPU.Build.0 = Debug|Any CPU
		{7F79BCE2-2629-40D4-A22E-961E6FA18825}.Release|Any CPU.ActiveCfg = Release|Any CPU
		{7F79BCE2-2629-40D4-A22E-961E6FA18825}.Release|Any CPU.Build.0 = Release|Any CPU
	EndGlobalSection
	GlobalSection(SolutionProperties) = preSolution
		HideSolutionNode = FALSE
	EndGlobalSection
	GlobalSection(ExtensibilityGlobals) = postSolution
		SolutionGuid = {AF273522-99CB-44CD-B0E1-46A321D613ED}
	EndGlobalSection
EndGlobal
